{
  "requires": true,
  "lockfileVersion": 1,
  "dependencies": {
    "@webcomponents/webcomponentsjs": {
      "version": "1.1.1",
      "resolved": "https://registry.npmjs.org/@webcomponents/webcomponentsjs/-/webcomponentsjs-1.1.1.tgz",
      "integrity": "sha512-52hSn2KiOYf/O2LcKnh1xiSt3RfX8beY4tQylSSSBwJsr4oy9MLcnWrtbqur3Q5cRdcmEbwHhkYHFc7Sme7zmw==",
      "dev": true
    },
    "chart.js": {
      "version": "2.2.1",
      "resolved": "https://registry.npmjs.org/chart.js/-/chart.js-2.2.1.tgz",
      "integrity": "sha1-EbH/Mqepx6qfxo+5fjJhuEaxdMA=",
      "requires": {
        "chartjs-color": "2.0.0",
        "moment": "2.14.1"
      }
    },
    "chartjs-color": {
      "version": "2.0.0",
      "resolved": "https://registry.npmjs.org/chartjs-color/-/chartjs-color-2.0.0.tgz",
      "integrity": "sha1-f2DHJWWJskkUgU7OdXZZEXOB41s=",
      "requires": {
        "chartjs-color-string": "0.4.0",
        "color-convert": "0.5.3"
      }
    },
    "chartjs-color-string": {
      "version": "0.4.0",
      "resolved": "https://registry.npmjs.org/chartjs-color-string/-/chartjs-color-string-0.4.0.tgz",
      "integrity": "sha1-V3SNRTCuKNjbClSSGCugbf3y9Gg=",
      "requires": {
        "color-name": "1.1.1"
      }
    },
    "color-convert": {
      "version": "0.5.3",
      "resolved": "https://registry.npmjs.org/color-convert/-/color-convert-0.5.3.tgz",
      "integrity": "sha1-vbbGnOZg+t/+CwAHzER+G59ygr0="
    },
    "color-name": {
      "version": "1.1.1",
      "resolved": "https://registry.npmjs.org/color-name/-/color-name-1.1.1.tgz",
      "integrity": "sha1-SxQVMEz1ACjqgWQ2Q72C6gWANok="
    },
    "helix-ui": {
      "version": "0.5.0",
      "resolved": "https://registry.npmjs.org/helix-ui/-/helix-ui-0.5.0.tgz",
      "integrity": "sha512-efyrQmujfKqU+fpZSm9lZarlYbxfpW1Zoyjy7/LweV/zJLRzJkv27Do2X9FXdVEkic6fXLd12ogjWFu4Msm9Rw==",
      "dev": true,
      "requires": {
        "@webcomponents/webcomponentsjs": "1.1.1"
      }
    },
    "moment": {
      "version": "2.14.1",
      "resolved": "https://registry.npmjs.org/moment/-/moment-2.14.1.tgz",
      "integrity": "sha1-s1snxH5X7S3ccAU9awe+zbKRdBw="
    }
  }
}
