# THIS IS AN AUTOGENERATED FILE. DO NOT EDIT THIS FILE DIRECTLY.
# yarn lockfile v1


helix-ui@^0.15.0:
  version "0.15.0"
  resolved "https://registry.yarnpkg.com/helix-ui/-/helix-ui-0.15.0.tgz#e2154cba6ead7852892428234e1eada413156f40"
  integrity sha512-J5b9Ah2nCNuCf6yLhyoIj7+vnMmxvsI9T3SwG0SbNkjVsmPjJnleV+eAtB9hwbE/+9nlSC+s4OatMuo8CFIwUQ==
